Microsoft Visual Studio Solution File, Format Version 12.00
# Visual Studio Version 17
VisualStudioVersion = 17.0.31903.59
MinimumVisualStudioVersion = 10.0.40219.1
Project("{2150E333-8FDC-42A3-9474-1A3956D46DE8}") = "src", "src", "{06A77438-DA2B-4022-9277-4140335028A8}"
EndProject
Project("{FAE04EC0-301F-11D3-BF4B-00C04F79EFBC}") = "GettingStarted", "src\GettingStarted\GettingStarted.csproj", "{77A49303-86F1-47A4-827D-DB80DB4F063C}"
EndProject
Project("{2150E333-8FDC-42A3-9474-1A3956D46DE8}") = "tests", "tests", "{ACB5AA6D-7532-4F6F-AE48-104624484FD0}"
EndProject
Project("{FAE04EC0-301F-11D3-BF4B-00C04F79EFBC}") = "GettingStarted.Tests", "tests\GettingStarted.Tests\GettingStarted.Tests.csproj", "{ED6DB2D0-AACD-41B0-83BD-DD3C87D062BF}"
EndProject
Global
	GlobalSection(SolutionConfigurationPlatforms) = preSolution
		Debug|Any CPU = Debug|Any CPU
		Release|Any CPU = Release|Any CPU
	EndGlobalSection
	GlobalSection(SolutionProperties) = preSolution
		HideSolutionNode = FALSE
	EndGlobalSection
	GlobalSection(ProjectConfigurationPlatforms) = postSolution
		{77A49303-86F1-47A4-827D-DB80DB4F063C}.Debug|Any CPU.ActiveCfg = Debug|Any CPU
		{77A49303-86F1-47A4-827D-DB80DB4F063C}.Debug|Any CPU.Build.0 = Debug|Any CPU
		{77A49303-86F1-47A4-827D-DB80DB4F063C}.Release|Any CPU.ActiveCfg = Release|Any CPU
		{77A49303-86F1-47A4-827D-DB80DB4F063C}.Release|Any CPU.Build.0 = Release|Any CPU
		{ED6DB2D0-AACD-41B0-83BD-DD3C87D062BF}.Debug|Any CPU.ActiveCfg = Debug|Any CPU
		{ED6DB2D0-AACD-41B0-83BD-DD3C87D062BF}.Debug|Any CPU.Build.0 = Debug|Any CPU
		{ED6DB2D0-AACD-41B0-83BD-DD3C87D062BF}.Release|Any CPU.ActiveCfg = Release|Any CPU
		{ED6DB2D0-AACD-41B0-83BD-DD3C87D062BF}.Release|Any CPU.Build.0 = Release|Any CPU
	EndGlobalSection
	GlobalSection(NestedProjects) = preSolution
		{77A49303-86F1-47A4-827D-DB80DB4F063C} = {06A77438-DA2B-4022-9277-4140335028A8}
		{ED6DB2D0-AACD-41B0-83BD-DD3C87D062BF} = {ACB5AA6D-7532-4F6F-AE48-104624484FD0}
	EndGlobalSection
EndGlobal
